
Microsoft Visual Studio Solution File, Format Version 12.00
# Visual Studio 15
VisualStudioVersion = 15.0.28307.168
MinimumVisualStudioVersion = 10.0.40219.1
Project("{FAE04EC0-301F-11D3-BF4B-00C04F79EFBC}") = "WebApiExample", "WebApiExample\WebApiExample.csproj", "{DEBBE2AF-EA23-428B-9F8B-399F319807B9}"
EndProject
Project("{FAE04EC0-301F-11D3-BF4B-00C04F79EFBC}") = "DataAccess", "DataAccess\DataAccess.csproj", "{A28BDAD1-B739-42AC-B0B4-F4DE32D59CF6}"
EndProject
Project("{FAE04EC0-301F-11D3-BF4B-00C04F79EFBC}") = "Models", "Models\Models.csproj", "{EE1F0485-759E-44C6-8B9D-CA3DCFD096AE}"
EndProject
Project("{FAE04EC0-301F-11D3-BF4B-00C04F79EFBC}") = "Services", "Services\Services.csproj", "{5123EBBC-6A90-482A-A1C7-DE2C87AB6060}"
EndProject
Global
	GlobalSection(SolutionConfigurationPlatforms) = preSolution
		Debug|Any CPU = Debug|Any CPU
		Release|Any CPU = Release|Any CPU
	EndGlobalSection
	GlobalSection(ProjectConfigurationPlatforms) = postSolution
		{DEBBE2AF-EA23-428B-9F8B-399F319807B9}.Debug|Any CPU.ActiveCfg = Debug|Any CPU
		{DEBBE2AF-EA23-428B-9F8B-399F319807B9}.Debug|Any CPU.Build.0 = Debug|Any CPU
		{DEBBE2AF-EA23-428B-9F8B-399F319807B9}.Release|Any CPU.ActiveCfg = Release|Any CPU
		{DEBBE2AF-EA23-428B-9F8B-399F319807B9}.Release|Any CPU.Build.0 = Release|Any CPU
		{A28BDAD1-B739-42AC-B0B4-F4DE32D59CF6}.Debug|Any CPU.ActiveCfg = Debug|Any CPU
		{A28BDAD1-B739-42AC-B0B4-F4DE32D59CF6}.Debug|Any CPU.Build.0 = Debug|Any CPU
		{A28BDAD1-B739-42AC-B0B4-F4DE32D59CF6}.Release|Any CPU.ActiveCfg = Release|Any CPU
		{A28BDAD1-B739-42AC-B0B4-F4DE32D59CF6}.Release|Any CPU.Build.0 = Release|Any CPU
		{EE1F0485-759E-44C6-8B9D-CA3DCFD096AE}.Debug|Any CPU.ActiveCfg = Debug|Any CPU
		{EE1F0485-759E-44C6-8B9D-CA3DCFD096AE}.Debug|Any CPU.Build.0 = Debug|Any CPU
		{EE1F0485-759E-44C6-8B9D-CA3DCFD096AE}.Release|Any CPU.ActiveCfg = Release|Any CPU
		{EE1F0485-759E-44C6-8B9D-CA3DCFD096AE}.Release|Any CPU.Build.0 = Release|Any CPU
		{5123EBBC-6A90-482A-A1C7-DE2C87AB6060}.Debug|Any CPU.ActiveCfg = Debug|Any CPU
		{5123EBBC-6A90-482A-A1C7-DE2C87AB6060}.Debug|Any CPU.Build.0 = Debug|Any CPU
		{5123EBBC-6A90-482A-A1C7-DE2C87AB6060}.Release|Any CPU.ActiveCfg = Release|Any CPU
		{5123EBBC-6A90-482A-A1C7-DE2C87AB6060}.Release|Any CPU.Build.0 = Release|Any CPU
	EndGlobalSection
	GlobalSection(SolutionProperties) = preSolution
		HideSolutionNode = FALSE
	EndGlobalSection
	GlobalSection(ExtensibilityGlobals) = postSolution
		SolutionGuid = {36C4C282-2A96-48A9-B039-65C68AA21E00}
	EndGlobalSection
EndGlobal
